
Microsoft Visual Studio Solution File, Format Version 12.00
# Visual Studio Version 17
VisualStudioVersion = 17.4.33403.182
MinimumVisualStudioVersion = 10.0.40219.1
Project("{FAE04EC0-301F-11D3-BF4B-00C04F79EFBC}") = "Week14-OOP", "Week14-OOP\Week14-OOP.csproj", "{C702C54A-A15C-4B40-ACFF-0F787527D8E8}"
EndProject
Project("{FAE04EC0-301F-11D3-BF4B-00C04F79EFBC}") = "test", "test\test.csproj", "{78C04929-A648-431C-BB16-6B97325D805A}"
EndProject
Global
	GlobalSection(SolutionConfigurationPlatforms) = preSolution
		Debug|Any CPU = Debug|Any CPU
		Release|Any CPU = Release|Any CPU
	EndGlobalSection
	GlobalSection(ProjectConfigurationPlatforms) = postSolution
		{C702C54A-A15C-4B40-ACFF-0F787527D8E8}.Debug|Any CPU.ActiveCfg = Debug|Any CPU
		{C702C54A-A15C-4B40-ACFF-0F787527D8E8}.Debug|Any CPU.Build.0 = Debug|Any CPU
		{C702C54A-A15C-4B40-ACFF-0F787527D8E8}.Release|Any CPU.ActiveCfg = Release|Any CPU
		{C702C54A-A15C-4B40-ACFF-0F787527D8E8}.Release|Any CPU.Build.0 = Release|Any CPU
		{78C04929-A648-431C-BB16-6B97325D805A}.Debug|Any CPU.ActiveCfg = Debug|Any CPU
		{78C04929-A648-431C-BB16-6B97325D805A}.Debug|Any CPU.Build.0 = Debug|Any CPU
		{78C04929-A648-431C-BB16-6B97325D805A}.Release|Any CPU.ActiveCfg = Release|Any CPU
		{78C04929-A648-431C-BB16-6B97325D805A}.Release|Any CPU.Build.0 = Release|Any CPU
	EndGlobalSection
	GlobalSection(SolutionProperties) = preSolution
		HideSolutionNode = FALSE
	EndGlobalSection
	GlobalSection(ExtensibilityGlobals) = postSolution
		SolutionGuid = {53EC84B7-3B86-47EC-82B9-C1C033504561}
	EndGlobalSection
EndGlobal
